// !$*UTF8*$!
{
	archiveVersion = 1;
	classes = {
	};
	objectVersion = 56;
	objects = {

/* Begin PBXBuildFile section */
		327DA2E2296ACFB1002373A4 /* FlashzillaApp.swift in Sources */ = {isa = PBXBuildFile; fileRef = 327DA2E1296ACFB1002373A4 /* FlashzillaApp.swift */; };
		327DA2E4296ACFB1002373A4 /* ContentView.swift in Sources */ = {isa = PBXBuildFile; fileRef = 327DA2E3296ACFB1002373A4 /* ContentView.swift */; };
		327DA2E6296ACFB3002373A4 /* Assets.xcassets in Resources */ = {isa = PBXBuildFile; fileRef = 327DA2E5296ACFB3002373A4 /* Assets.xcassets */; };
		327DA2E9296ACFB3002373A4 /* Preview Assets.xcassets in Resources */ = {isa = PBXBuildFile; fileRef = 327DA2E8296ACFB3002373A4 /* Preview Assets.xcassets */; };
		327DA2F3296ACFB3002373A4 /* FlashzillaTests.swift in Sources */ = {isa = PBXBuildFile; fileRef = 327DA2F2296ACFB3002373A4 /* FlashzillaTests.swift */; };
		327DA2FD296ACFB3002373A4 /* FlashzillaUITests.swift in Sources */ = {isa = PBXBuildFile; fileRef = 327DA2FC296ACFB3002373A4 /* FlashzillaUITests.swift */; };
		327DA2FF296ACFB3002373A4 /* FlashzillaUITestsLaunchTests.swift in Sources */ = {isa = PBXBuildFile; fileRef = 327DA2FE296ACFB3002373A4 /* FlashzillaUITestsLaunchTests.swift */; };
		327DA30E296BFFF2002373A4 /* Card.swift in Sources */ = {isa = PBXBuildFile; fileRef = 327DA30D296BFFF2002373A4 /* Card.swift */; };
		327DA310296C02AA002373A4 /* CardView.swift in Sources */ = {isa = PBXBuildFile; fileRef = 327DA30F296C02AA002373A4 /* CardView.swift */; };
		327DA312296C0BFC002373A4 /* ViewModel-ContentView.swift in Sources */ = {isa = PBXBuildFile; fileRef = 327DA311296C0BFC002373A4 /* ViewModel-ContentView.swift */; };
		327DA317296C3C5A002373A4 /* EditCards.swift in Sources */ = {isa = PBXBuildFile; fileRef = 327DA316296C3C5A002373A4 /* EditCards.swift */; };
/* End PBXBuildFile section */

/* Begin PBXContainerItemProxy section */
		327DA2EF296ACFB3002373A4 /* PBXContainerItemProxy */ = {
			isa = PBXContainerItemProxy;
			containerPortal = 327DA2D6296ACFB1002373A4 /* Project object */;
			proxyType = 1;
			remoteGlobalIDString = 327DA2DD296ACFB1002373A4;
			remoteInfo = Flashzilla;
		};
		327DA2F9296ACFB3002373A4 /* PBXContainerItemProxy */ = {
			isa = PBXContainerItemProxy;
			containerPortal = 327DA2D6296ACFB1002373A4 /* Project object */;
			proxyType = 1;
			remoteGlobalIDString = 327DA2DD296ACFB1002373A4;
			remoteInfo = Flashzilla;
		};
/* End PBXContainerItemProxy section */

/* Begin PBXFileReference section */
		327DA2DE296ACFB1002373A4 /* Flashzilla.app */ = {isa = PBXFileReference; explicitFileType = wrapper.application; includeInIndex = 0; path = Flashzilla.app; sourceTree = BUILT_PRODUCTS_DIR; };
		327DA2E1296ACFB1002373A4 /* FlashzillaApp.swift */ = {isa = PBXFileReference; lastKnownFileType = sourcecode.swift; path = FlashzillaApp.swift; sourceTree = "<group>"; };
		327DA2E3296ACFB1002373A4 /* ContentView.swift */ = {isa = PBXFileReference; lastKnownFileType = sourcecode.swift; path = ContentView.swift; sourceTree = "<group>"; };
		327DA2E5296ACFB3002373A4 /* Assets.xcassets */ = {isa = PBXFileReference; lastKnownFileType = folder.assetcatalog; path = Assets.xcassets; sourceTree = "<group>"; };
		327DA2E8296ACFB3002373A4 /* Preview Assets.xcassets */ = {isa = PBXFileReference; lastKnownFileType = folder.assetcatalog; path = "Preview Assets.xcassets"; sourceTree = "<group>"; };
		327DA2EE296ACFB3002373A4 /* FlashzillaTests.xctest */ = {isa = PBXFileReference; explicitFileType = wrapper.cfbundle; includeInIndex = 0; path = FlashzillaTests.xctest; sourceTree = BUILT_PRODUCTS_DIR; };
		327DA2F2296ACFB3002373A4 /* FlashzillaTests.swift */ = {isa = PBXFileReference; lastKnownFileType = sourcecode.swift; path = FlashzillaTests.swift; sourceTree = "<group>"; };
		327DA2F8296ACFB3002373A4 /* FlashzillaUITests.xctest */ = {isa = PBXFileReference; explicitFileType = wrapper.cfbundle; includeInIndex = 0; path = FlashzillaUITests.xctest; sourceTree = BUILT_PRODUCTS_DIR; };
		327DA2FC296ACFB3002373A4 /* FlashzillaUITests.swift */ = {isa = PBXFileReference; lastKnownFileType = sourcecode.swift; path = FlashzillaUITests.swift; sourceTree = "<group>"; };
		327DA2FE296ACFB3002373A4 /* FlashzillaUITestsLaunchTests.swift */ = {isa = PBXFileReference; lastKnownFileType = sourcecode.swift; path = FlashzillaUITestsLaunchTests.swift; sourceTree = "<group>"; };
		327DA30D296BFFF2002373A4 /* Card.swift */ = {isa = PBXFileReference; lastKnownFileType = sourcecode.swift; path = Card.swift; sourceTree = "<group>"; };
		327DA30F296C02AA002373A4 /* CardView.swift */ = {isa = PBXFileReference; lastKnownFileType = sourcecode.swift; path = CardView.swift; sourceTree = "<group>"; };
		327DA311296C0BFC002373A4 /* ViewModel-ContentView.swift */ = {isa = PBXFileReference; lastKnownFileType = sourcecode.swift; path = "ViewModel-ContentView.swift"; sourceTree = "<group>"; };
		327DA316296C3C5A002373A4 /* EditCards.swift */ = {isa = PBXFileReference; lastKnownFileType = sourcecode.swift; path = EditCards.swift; sourceTree = "<group>"; };
/* End PBXFileReference section */

/* Begin PBXFrameworksBuildPhase section */
		327DA2DB296ACFB1002373A4 /* Frameworks */ = {
			isa = PBXFrameworksBuildPhase;
			buildActionMask = 2147483647;
			files = (
			);
			runOnlyForDeploymentPostprocessing = 0;
		};
		327DA2EB296ACFB3002373A4 /* Frameworks */ = {
			isa = PBXFrameworksBuildPhase;
			buildActionMask = 2147483647;
			files = (
			);
			runOnlyForDeploymentPostprocessing = 0;
		};
		327DA2F5296ACFB3002373A4 /* Frameworks */ = {
			isa = PBXFrameworksBuildPhase;
			buildActionMask = 2147483647;
			files = (
			);
			runOnlyForDeploymentPostprocessing = 0;
		};
/* End PBXFrameworksBuildPhase section */

/* Begin PBXGroup section */
		327DA2D5296ACFB1002373A4 = {
			isa = PBXGroup;
			children = (
				327DA2E1296ACFB1002373A4 /* FlashzillaApp.swift */,
				327DA2E0296ACFB1002373A4 /* Flashzilla */,
				327DA2F1296ACFB3002373A4 /* FlashzillaTests */,
				327DA2FB296ACFB3002373A4 /* FlashzillaUITests */,
				327DA2DF296ACFB1002373A4 /* Products */,
			);
			sourceTree = "<group>";
		};
		327DA2DF296ACFB1002373A4 /* Products */ = {
			isa = PBXGroup;
			children = (
				327DA2DE296ACFB1002373A4 /* Flashzilla.app */,
				327DA2EE296ACFB3002373A4 /* FlashzillaTests.xctest */,
				327DA2F8296ACFB3002373A4 /* FlashzillaUITests.xctest */,
			);
			name = Products;
			sourceTree = "<group>";
		};
		327DA2E0296ACFB1002373A4 /* Flashzilla */ = {
			isa = PBXGroup;
			children = (
				327DA313296C1F29002373A4 /* Views */,
				327DA314296C1F3C002373A4 /* Model */,
				327DA315296C1F47002373A4 /* ViewModels */,
				327DA2E5296ACFB3002373A4 /* Assets.xcassets */,
				327DA2E7296ACFB3002373A4 /* Preview Content */,
			);
			path = Flashzilla;
			sourceTree = "<group>";
		};
		327DA2E7296ACFB3002373A4 /* Preview Content */ = {
			isa = PBXGroup;
			children = (
				327DA2E8296ACFB3002373A4 /* Preview Assets.xcassets */,
			);
			path = "Preview Content";
			sourceTree = "<group>";
		};
		327DA2F1296ACFB3002373A4 /* FlashzillaTests */ = {
			isa = PBXGroup;
			children = (
				327DA2F2296ACFB3002373A4 /* FlashzillaTests.swift */,
			);
			path = FlashzillaTests;
			sourceTree = "<group>";
		};
		327DA2FB296ACFB3002373A4 /* FlashzillaUITests */ = {
			isa = PBXGroup;
			children = (
				327DA2FC296ACFB3002373A4 /* FlashzillaUITests.swift */,
				327DA2FE296ACFB3002373A4 /* FlashzillaUITestsLaunchTests.swift */,
			);
			path = FlashzillaUITests;
			sourceTree = "<group>";
		};
		327DA313296C1F29002373A4 /* Views */ = {
			isa = PBXGroup;
			children = (
				327DA2E3296ACFB1002373A4 /* ContentView.swift */,
				327DA30F296C02AA002373A4 /* CardView.swift */,
				327DA316296C3C5A002373A4 /* EditCards.swift */,
			);
			path = Views;
			sourceTree = "<group>";
		};
		327DA314296C1F3C002373A4 /* Model */ = {
			isa = PBXGroup;
			children = (
				327DA30D296BFFF2002373A4 /* Card.swift */,
			);
			path = Model;
			sourceTree = "<group>";
		};
		327DA315296C1F47002373A4 /* ViewModels */ = {
			isa = PBXGroup;
			children = (
				327DA311296C0BFC002373A4 /* ViewModel-ContentView.swift */,
			);
			path = ViewModels;
			sourceTree = "<group>";
		};
/* End PBXGroup section */

/* Begin PBXNativeTarget section */
		327DA2DD296ACFB1002373A4 /* Flashzilla */ = {
			isa = PBXNativeTarget;
			buildConfigurationList = 327DA302296ACFB3002373A4 /* Build configuration list for PBXNativeTarget "Flashzilla" */;
			buildPhases = (
				327DA2DA296ACFB1002373A4 /* Sources */,
				327DA2DB296ACFB1002373A4 /* Frameworks */,
				327DA2DC296ACFB1002373A4 /* Resources */,
			);
			buildRules = (
			);
			dependencies = (
			);
			name = Flashzilla;
			productName = Flashzilla;
			productReference = 327DA2DE296ACFB1002373A4 /* Flashzilla.app */;
			productType = "com.apple.product-type.application";
		};
		327DA2ED296ACFB3002373A4 /* FlashzillaTests */ = {
			isa = PBXNativeTarget;
			buildConfigurationList = 327DA305296ACFB3002373A4 /* Build configuration list for PBXNativeTarget "FlashzillaTests" */;
			buildPhases = (
				327DA2EA296ACFB3002373A4 /* Sources */,
				327DA2EB296ACFB3002373A4 /* Frameworks */,
				327DA2EC296ACFB3002373A4 /* Resources */,
			);
			buildRules = (
			);
			dependencies = (
				327DA2F0296ACFB3002373A4 /* PBXTargetDependency */,
			);
			name = FlashzillaTests;
			productName = FlashzillaTests;
			productReference = 327DA2EE296ACFB3002373A4 /* FlashzillaTests.xctest */;
			productType = "com.apple.product-type.bundle.unit-test";
		};
		327DA2F7296ACFB3002373A4 /* FlashzillaUITests */ = {
			isa = PBXNativeTarget;
			buildConfigurationList = 327DA308296ACFB3002373A4 /* Build configuration list for PBXNativeTarget "FlashzillaUITests" */;
			buildPhases = (
				327DA2F4296ACFB3002373A4 /* Sources */,
				327DA2F5296ACFB3002373A4 /* Frameworks */,
				327DA2F6296ACFB3002373A4 /* Resources */,
			);
			buildRules = (
			);
			dependencies = (
				327DA2FA296ACFB3002373A4 /* PBXTargetDependency */,
			);
			name = FlashzillaUITests;
			productName = FlashzillaUITests;
			productReference = 327DA2F8296ACFB3002373A4 /* FlashzillaUITests.xctest */;
			productType = "com.apple.product-type.bundle.ui-testing";
		};
/* End PBXNativeTarget section */

/* Begin PBXProject section */
		327DA2D6296ACFB1002373A4 /* Project object */ = {
			isa = PBXProject;
			attributes = {
				BuildIndependentTargetsInParallel = 1;
				LastSwiftUpdateCheck = 1420;
				LastUpgradeCheck = 1420;
				TargetAttributes = {
					327DA2DD296ACFB1002373A4 = {
						CreatedOnToolsVersion = 14.2;
					};
					327DA2ED296ACFB3002373A4 = {
						CreatedOnToolsVersion = 14.2;
						TestTargetID = 327DA2DD296ACFB1002373A4;
					};
					327DA2F7296ACFB3002373A4 = {
						CreatedOnToolsVersion = 14.2;
						TestTargetID = 327DA2DD296ACFB1002373A4;
					};
				};
			};
			buildConfigurationList = 327DA2D9296ACFB1002373A4 /* Build configuration list for PBXProject "Flashzilla" */;
			compatibilityVersion = "Xcode 14.0";
			developmentRegion = en;
			hasScannedForEncodings = 0;
			knownRegions = (
				en,
				Base,
			);
			mainGroup = 327DA2D5296ACFB1002373A4;
			productRefGroup = 327DA2DF296ACFB1002373A4 /* Products */;
			projectDirPath = "";
			projectRoot = "";
			targets = (
				327DA2DD296ACFB1002373A4 /* Flashzilla */,
				327DA2ED296ACFB3002373A4 /* FlashzillaTests */,
				327DA2F7296ACFB3002373A4 /* FlashzillaUITests */,
			);
		};
/* End PBXProject section */

/* Begin PBXResourcesBuildPhase section */
		327DA2DC296ACFB1002373A4 /* Resources */ = {
			isa = PBXResourcesBuildPhase;
			buildActionMask = 2147483647;
			files = (
				327DA2E9296ACFB3002373A4 /* Preview Assets.xcassets in Resources */,
				327DA2E6296ACFB3002373A4 /* Assets.xcassets in Resources */,
			);
			runOnlyForDeploymentPostprocessing = 0;
		};
		327DA2EC296ACFB3002373A4 /* Resources */ = {
			isa = PBXResourcesBuildPhase;
			buildActionMask = 2147483647;
			files = (
			);
			runOnlyForDeploymentPostprocessing = 0;
		};
		327DA2F6296ACFB3002373A4 /* Resources */ = {
			isa = PBXResourcesBuildPhase;
			buildActionMask = 2147483647;
			files = (
			);
			runOnlyForDeploymentPostprocessing = 0;
		};
/* End PBXResourcesBuildPhase section */

/* Begin PBXSourcesBuildPhase section */
		327DA2DA296ACFB1002373A4 /* Sources */ = {
			isa = PBXSourcesBuildPhase;
			buildActionMask = 2147483647;
			files = (
				327DA2E4296ACFB1002373A4 /* ContentView.swift in Sources */,
				327DA30E296BFFF2002373A4 /* Card.swift in Sources */,
				327DA310296C02AA002373A4 /* CardView.swift in Sources */,
				327DA317296C3C5A002373A4 /* EditCards.swift in Sources */,
				327DA2E2296ACFB1002373A4 /* FlashzillaApp.swift in Sources */,
				327DA312296C0BFC002373A4 /* ViewModel-ContentView.swift in Sources */,
			);
			runOnlyForDeploymentPostprocessing = 0;
		};
		327DA2EA296ACFB3002373A4 /* Sources */ = {
			isa = PBXSourcesBuildPhase;
			buildActionMask = 2147483647;
			files = (
				327DA2F3296ACFB3002373A4 /* FlashzillaTests.swift in Sources */,
			);
			runOnlyForDeploymentPostprocessing = 0;
		};
		327DA2F4296ACFB3002373A4 /* Sources */ = {
			isa = PBXSourcesBuildPhase;
			buildActionMask = 2147483647;
			files = (
				327DA2FF296ACFB3002373A4 /* FlashzillaUITestsLaunchTests.swift in Sources */,
				327DA2FD296ACFB3002373A4 /* FlashzillaUITests.swift in Sources */,
			);
			runOnlyForDeploymentPostprocessing = 0;
		};
/* End PBXSourcesBuildPhase section */

/* Begin PBXTargetDependency section */
		327DA2F0296ACFB3002373A4 /* PBXTargetDependency */ = {
			isa = PBXTargetDependency;
			target = 327DA2DD296ACFB1002373A4 /* Flashzilla */;
			targetProxy = 327DA2EF296ACFB3002373A4 /* PBXContainerItemProxy */;
		};
		327DA2FA296ACFB3002373A4 /* PBXTargetDependency */ = {
			isa = PBXTargetDependency;
			target = 327DA2DD296ACFB1002373A4 /* Flashzilla */;
			targetProxy = 327DA2F9296ACFB3002373A4 /* PBXContainerItemProxy */;
		};
/* End PBXTargetDependency section */

/* Begin XCBuildConfiguration section */
		327DA300296ACFB3002373A4 /* Debug */ = {
			isa = XCBuildConfiguration;
			buildSettings = {
				ALWAYS_SEARCH_USER_PATHS = NO;
				CLANG_ANALYZER_NONNULL = YES;
				CLANG_ANALYZER_NUMBER_OBJECT_CONVERSION = YES_AGGRESSIVE;
				CLANG_CXX_LANGUAGE_STANDARD = "gnu++20";
				CLANG_ENABLE_MODULES = YES;
				CLANG_ENABLE_OBJC_ARC = YES;
				CLANG_ENABLE_OBJC_WEAK = YES;
				CLANG_WARN_BLOCK_CAPTURE_AUTORELEASING = YES;
				CLANG_WARN_BOOL_CONVERSION = YES;
				CLANG_WARN_COMMA = YES;
				CLANG_WARN_CONSTANT_CONVERSION = YES;
				CLANG_WARN_DEPRECATED_OBJC_IMPLEMENTATIONS = YES;
				CLANG_WARN_DIRECT_OBJC_ISA_USAGE = YES_ERROR;
				CLANG_WARN_DOCUMENTATION_COMMENTS = YES;
				CLANG_WARN_EMPTY_BODY = YES;
				CLANG_WARN_ENUM_CONVERSION = YES;
				CLANG_WARN_INFINITE_RECURSION = YES;
				CLANG_WARN_INT_CONVERSION = YES;
				CLANG_WARN_NON_LITERAL_NULL_CONVERSION = YES;
				CLANG_WARN_OBJC_IMPLICIT_RETAIN_SELF = YES;
				CLANG_WARN_OBJC_LITERAL_CONVERSION = YES;
				CLANG_WARN_OBJC_ROOT_CLASS = YES_ERROR;
				CLANG_WARN_QUOTED_INCLUDE_IN_FRAMEWORK_HEADER = YES;
				CLANG_WARN_RANGE_LOOP_ANALYSIS = YES;
				CLANG_WARN_STRICT_PROTOTYPES = YES;
				CLANG_WARN_SUSPICIOUS_MOVE = YES;
				CLANG_WARN_UNGUARDED_AVAILABILITY = YES_AGGRESSIVE;
				CLANG_WARN_UNREACHABLE_CODE = YES;
				CLANG_WARN__DUPLICATE_METHOD_MATCH = YES;
				COPY_PHASE_STRIP = NO;
				DEBUG_INFORMATION_FORMAT = dwarf;
				ENABLE_STRICT_OBJC_MSGSEND = YES;
				ENABLE_TESTABILITY = YES;
				GCC_C_LANGUAGE_STANDARD = gnu11;
				GCC_DYNAMIC_NO_PIC = NO;
				GCC_NO_COMMON_BLOCKS = YES;
				GCC_OPTIMIZATION_LEVEL = 0;
				GCC_PREPROCESSOR_DEFINITIONS = (
					"DEBUG=1",
					"$(inherited)",
				);
				GCC_WARN_64_TO_32_BIT_CONVERSION = YES;
				GCC_WARN_ABOUT_RETURN_TYPE = YES_ERROR;
				GCC_WARN_UNDECLARED_SELECTOR = YES;
				GCC_WARN_UNINITIALIZED_AUTOS = YES_AGGRESSIVE;
				GCC_WARN_UNUSED_FUNCTION = YES;
				GCC_WARN_UNUSED_VARIABLE = YES;
				IPHONEOS_DEPLOYMENT_TARGET = 16.2;
				MTL_ENABLE_DEBUG_INFO = INCLUDE_SOURCE;
				MTL_FAST_MATH = YES;
				ONLY_ACTIVE_ARCH = YES;
				SDKROOT = iphoneos;
				SWIFT_ACTIVE_COMPILATION_CONDITIONS = DEBUG;
				SWIFT_OPTIMIZATION_LEVEL = "-Onone";
			};
			name = Debug;
		};
		327DA301296ACFB3002373A4 /* Release */ = {
			isa = XCBuildConfiguration;
			buildSettings = {
				ALWAYS_SEARCH_USER_PATHS = NO;
				CLANG_ANALYZER_NONNULL = YES;
				CLANG_ANALYZER_NUMBER_OBJECT_CONVERSION = YES_AGGRESSIVE;
				CLANG_CXX_LANGUAGE_STANDARD = "gnu++20";
				CLANG_ENABLE_MODULES = YES;
				CLANG_ENABLE_OBJC_ARC = YES;
				CLANG_ENABLE_OBJC_WEAK = YES;
				CLANG_WARN_BLOCK_CAPTURE_AUTORELEASING = YES;
				CLANG_WARN_BOOL_CONVERSION = YES;
				CLANG_WARN_COMMA = YES;
				CLANG_WARN_CONSTANT_CONVERSION = YES;
				CLANG_WARN_DEPRECATED_OBJC_IMPLEMENTATIONS = YES;
				CLANG_WARN_DIRECT_OBJC_ISA_USAGE = YES_ERROR;
				CLANG_WARN_DOCUMENTATION_COMMENTS = YES;
				CLANG_WARN_EMPTY_BODY = YES;
				CLANG_WARN_ENUM_CONVERSION = YES;
				CLANG_WARN_INFINITE_RECURSION = YES;
				CLANG_WARN_INT_CONVERSION = YES;
				CLANG_WARN_NON_LITERAL_NULL_CONVERSION = YES;
				CLANG_WARN_OBJC_IMPLICIT_RETAIN_SELF = YES;
				CLANG_WARN_OBJC_LITERAL_CONVERSION = YES;
				CLANG_WARN_OBJC_ROOT_CLASS = YES_ERROR;
				CLANG_WARN_QUOTED_INCLUDE_IN_FRAMEWORK_HEADER = YES;
				CLANG_WARN_RANGE_LOOP_ANALYSIS = YES;
				CLANG_WARN_STRICT_PROTOTYPES = YES;
				CLANG_WARN_SUSPICIOUS_MOVE = YES;
				CLANG_WARN_UNGUARDED_AVAILABILITY = YES_AGGRESSIVE;
				CLANG_WARN_UNREACHABLE_CODE = YES;
				CLANG_WARN__DUPLICATE_METHOD_MATCH = YES;
				COPY_PHASE_STRIP = NO;
				DEBUG_INFORMATION_FORMAT = "dwarf-with-dsym";
				ENABLE_NS_ASSERTIONS = NO;
				ENABLE_STRICT_OBJC_MSGSEND = YES;
				GCC_C_LANGUAGE_STANDARD = gnu11;
				GCC_NO_COMMON_BLOCKS = YES;
				GCC_WARN_64_TO_32_BIT_CONVERSION = YES;
				GCC_WARN_ABOUT_RETURN_TYPE = YES_ERROR;
				GCC_WARN_UNDECLARED_SELECTOR = YES;
				GCC_WARN_UNINITIALIZED_AUTOS = YES_AGGRESSIVE;
				GCC_WARN_UNUSED_FUNCTION = YES;
				GCC_WARN_UNUSED_VARIABLE = YES;
				IPHONEOS_DEPLOYMENT_TARGET = 16.2;
				MTL_ENABLE_DEBUG_INFO = NO;
				MTL_FAST_MATH = YES;
				SDKROOT = iphoneos;
				SWIFT_COMPILATION_MODE = wholemodule;
				SWIFT_OPTIMIZATION_LEVEL = "-O";
				VALIDATE_PRODUCT = YES;
			};
			name = Release;
		};
		327DA303296ACFB3002373A4 /* Debug */ = {
			isa = XCBuildConfiguration;
			buildSettings = {
				ASSETCATALOG_COMPILER_APPICON_NAME = AppIcon;
				ASSETCATALOG_COMPILER_GLOBAL_ACCENT_COLOR_NAME = AccentColor;
				CODE_SIGN_STYLE = Automatic;
				CURRENT_PROJECT_VERSION = 1;
				DEVELOPMENT_ASSET_PATHS = "\"Flashzilla/Preview Content\"";
				DEVELOPMENT_TEAM = 7S5KXF68WA;
				ENABLE_PREVIEWS = YES;
				GENERATE_INFOPLIST_FILE = YES;
				INFOPLIST_KEY_UIApplicationSceneManifest_Generation = YES;
				INFOPLIST_KEY_UIApplicationSupportsIndirectInputEvents = YES;
				INFOPLIST_KEY_UILaunchScreen_Generation = YES;
				INFOPLIST_KEY_UISupportedInterfaceOrientations_iPad = "UIInterfaceOrientationPortrait UIInterfaceOrientationPortraitUpsideDown UIInterfaceOrientationLandscapeLeft UIInterfaceOrientationLandscapeRight";
				INFOPLIST_KEY_UISupportedInterfaceOrientations_iPhone = "UIInterfaceOrientationLandscapeLeft UIInterfaceOrientationLandscapeRight";
				LD_RUNPATH_SEARCH_PATHS = (
					"$(inherited)",
					"@executable_path/Frameworks",
				);
				MARKETING_VERSION = 1.0;
				PRODUCT_BUNDLE_IDENTIFIER = Arthur.Sh.Flashzilla;
				PRODUCT_NAME = "$(TARGET_NAME)";
				SWIFT_EMIT_LOC_STRINGS = YES;
				SWIFT_VERSION = 5.0;
				TARGETED_DEVICE_FAMILY = "1,2";
			};
			name = Debug;
		};
		327DA304296ACFB3002373A4 /* Release */ = {
			isa = XCBuildConfiguration;
			buildSettings = {
				ASSETCATALOG_COMPILER_APPICON_NAME = AppIcon;
				ASSETCATALOG_COMPILER_GLOBAL_ACCENT_COLOR_NAME = AccentColor;
				CODE_SIGN_STYLE = Automatic;
				CURRENT_PROJECT_VERSION = 1;
				DEVELOPMENT_ASSET_PATHS = "\"Flashzilla/Preview Content\"";
				DEVELOPMENT_TEAM = 7S5KXF68WA;
				ENABLE_PREVIEWS = YES;
				GENERATE_INFOPLIST_FILE = YES;
				INFOPLIST_KEY_UIApplicationSceneManifest_Generation = YES;
				INFOPLIST_KEY_UIApplicationSupportsIndirectInputEvents = YES;
				INFOPLIST_KEY_UILaunchScreen_Generation = YES;
				INFOPLIST_KEY_UISupportedInterfaceOrientations_iPad = "UIInterfaceOrientationPortrait UIInterfaceOrientationPortraitUpsideDown UIInterfaceOrientationLandscapeLeft UIInterfaceOrientationLandscapeRight";
				INFOPLIST_KEY_UISupportedInterfaceOrientations_iPhone = "UIInterfaceOrientationLandscapeLeft UIInterfaceOrientationLandscapeRight";
				LD_RUNPATH_SEARCH_PATHS = (
					"$(inherited)",
					"@executable_path/Frameworks",
				);
				MARKETING_VERSION = 1.0;
				PRODUCT_BUNDLE_IDENTIFIER = Arthur.Sh.Flashzilla;
				PRODUCT_NAME = "$(TARGET_NAME)";
				SWIFT_EMIT_LOC_STRINGS = YES;
				SWIFT_VERSION = 5.0;
				TARGETED_DEVICE_FAMILY = "1,2";
			};
			name = Release;
		};
		327DA306296ACFB3002373A4 /* Debug */ = {
			isa = XCBuildConfiguration;
			buildSettings = {
				ALWAYS_EMBED_SWIFT_STANDARD_LIBRARIES = YES;
				BUNDLE_LOADER = "$(TEST_HOST)";
				CODE_SIGN_STYLE = Automatic;
				CURRENT_PROJECT_VERSION = 1;
				DEVELOPMENT_TEAM = 7S5KXF68WA;
				GENERATE_INFOPLIST_FILE = YES;
				IPHONEOS_DEPLOYMENT_TARGET = 16.2;
				MARKETING_VERSION = 1.0;
				PRODUCT_BUNDLE_IDENTIFIER = Arthur.Sh.FlashzillaTests;
				PRODUCT_NAME = "$(TARGET_NAME)";
				SWIFT_EMIT_LOC_STRINGS = NO;
				SWIFT_VERSION = 5.0;
				TARGETED_DEVICE_FAMILY = "1,2";
				TEST_HOST = "$(BUILT_PRODUCTS_DIR)/Flashzilla.app/$(BUNDLE_EXECUTABLE_FOLDER_PATH)/Flashzilla";
			};
			name = Debug;
		};
		327DA307296ACFB3002373A4 /* Release */ = {
			isa = XCBuildConfiguration;
			buildSettings = {
				ALWAYS_EMBED_SWIFT_STANDARD_LIBRARIES = YES;
				BUNDLE_LOADER = "$(TEST_HOST)";
				CODE_SIGN_STYLE = Automatic;
				CURRENT_PROJECT_VERSION = 1;
				DEVELOPMENT_TEAM = 7S5KXF68WA;
				GENERATE_INFOPLIST_FILE = YES;
				IPHONEOS_DEPLOYMENT_TARGET = 16.2;
				MARKETING_VERSION = 1.0;
				PRODUCT_BUNDLE_IDENTIFIER = Arthur.Sh.FlashzillaTests;
				PRODUCT_NAME = "$(TARGET_NAME)";
				SWIFT_EMIT_LOC_STRINGS = NO;
				SWIFT_VERSION = 5.0;
				TARGETED_DEVICE_FAMILY = "1,2";
				TEST_HOST = "$(BUILT_PRODUCTS_DIR)/Flashzilla.app/$(BUNDLE_EXECUTABLE_FOLDER_PATH)/Flashzilla";
			};
			name = Release;
		};
		327DA309296ACFB3002373A4 /* Debug */ = {
			isa = XCBuildConfiguration;
			buildSettings = {
				ALWAYS_EMBED_SWIFT_STANDARD_LIBRARIES = YES;
				CODE_SIGN_STYLE = Automatic;
				CURRENT_PROJECT_VERSION = 1;
				DEVELOPMENT_TEAM = 7S5KXF68WA;
				GENERATE_INFOPLIST_FILE = YES;
				MARKETING_VERSION = 1.0;
				PRODUCT_BUNDLE_IDENTIFIER = Arthur.Sh.FlashzillaUITests;
				PRODUCT_NAME = "$(TARGET_NAME)";
				SWIFT_EMIT_LOC_STRINGS = NO;
				SWIFT_VERSION = 5.0;
				TARGETED_DEVICE_FAMILY = "1,2";
				TEST_TARGET_NAME = Flashzilla;
			};
			name = Debug;
		};
		327DA30A296ACFB3002373A4 /* Release */ = {
			isa = XCBuildConfiguration;
			buildSettings = {
				ALWAYS_EMBED_SWIFT_STANDARD_LIBRARIES = YES;
				CODE_SIGN_STYLE = Automatic;
				CURRENT_PROJECT_VERSION = 1;
				DEVELOPMENT_TEAM = 7S5KXF68WA;
				GENERATE_INFOPLIST_FILE = YES;
				MARKETING_VERSION = 1.0;
				PRODUCT_BUNDLE_IDENTIFIER = Arthur.Sh.FlashzillaUITests;
				PRODUCT_NAME = "$(TARGET_NAME)";
				SWIFT_EMIT_LOC_STRINGS = NO;
				SWIFT_VERSION = 5.0;
				TARGETED_DEVICE_FAMILY = "1,2";
				TEST_TARGET_NAME = Flashzilla;
			};
			name = Release;
		};
/* End XCBuildConfiguration section */

/* Begin XCConfigurationList section */
		327DA2D9296ACFB1002373A4 /* Build configuration list for PBXProject "Flashzilla" */ = {
			isa = XCConfigurationList;
			buildConfigurations = (
				327DA300296ACFB3002373A4 /* Debug */,
				327DA301296ACFB3002373A4 /* Release */,
			);
			defaultConfigurationIsVisible = 0;
			defaultConfigurationName = Release;
		};
		327DA302296ACFB3002373A4 /* Build configuration list for PBXNativeTarget "Flashzilla" */ = {
			isa = XCConfigurationList;
			buildConfigurations = (
				327DA303296ACFB3002373A4 /* Debug */,
				327DA304296ACFB3002373A4 /* Release */,
			);
			defaultConfigurationIsVisible = 0;
			defaultConfigurationName = Release;
		};
		327DA305296ACFB3002373A4 /* Build configuration list for PBXNativeTarget "FlashzillaTests" */ = {
			isa = XCConfigurationList;
			buildConfigurations = (
				327DA306296ACFB3002373A4 /* Debug */,
				327DA307296ACFB3002373A4 /* Release */,
			);
			defaultConfigurationIsVisible = 0;
			defaultConfigurationName = Release;
		};
		327DA308296ACFB3002373A4 /* Build configuration list for PBXNativeTarget "FlashzillaUITests" */ = {
			isa = XCConfigurationList;
			buildConfigurations = (
				327DA309296ACFB3002373A4 /* Debug */,
				327DA30A296ACFB3002373A4 /* Release */,
			);
			defaultConfigurationIsVisible = 0;
			defaultConfigurationName = Release;
		};
/* End XCConfigurationList section */
	};
	rootObject = 327DA2D6296ACFB1002373A4 /* Project object */;
}
